// !$*UTF8*$!
{
	archiveVersion = 1;
	classes = {
	};
	objectVersion = 50;
	objects = {

/* Begin PBXBuildFile section */
		6839141F2712A4270066DEE9 /* AppDelegate.swift in Sources */ = {isa = PBXBuildFile; fileRef = 6839141E2712A4270066DEE9 /* AppDelegate.swift */; };
		683914212712A4270066DEE9 /* SceneDelegate.swift in Sources */ = {isa = PBXBuildFile; fileRef = 683914202712A4270066DEE9 /* SceneDelegate.swift */; };
		683914232712A4270066DEE9 /* MainVC.swift in Sources */ = {isa = PBXBuildFile; fileRef = 683914222712A4270066DEE9 /* MainVC.swift */; };
		683914262712A4270066DEE9 /* Main.storyboard in Resources */ = {isa = PBXBuildFile; fileRef = 683914242712A4270066DEE9 /* Main.storyboard */; };
		683914282712A4280066DEE9 /* Assets.xcassets in Resources */ = {isa = PBXBuildFile; fileRef = 683914272712A4280066DEE9 /* Assets.xcassets */; };
		6839142B2712A4280066DEE9 /* LaunchScreen.storyboard in Resources */ = {isa = PBXBuildFile; fileRef = 683914292712A4280066DEE9 /* LaunchScreen.storyboard */; };
		683914362712A4280066DEE9 /* shopperAppTests.swift in Sources */ = {isa = PBXBuildFile; fileRef = 683914352712A4280066DEE9 /* shopperAppTests.swift */; };
		683914412712A4280066DEE9 /* shopperAppUITests.swift in Sources */ = {isa = PBXBuildFile; fileRef = 683914402712A4280066DEE9 /* shopperAppUITests.swift */; };
		68391457271478D60066DEE9 /* CurrencyTextField.swift in Sources */ = {isa = PBXBuildFile; fileRef = 68391456271478D60066DEE9 /* CurrencyTextField.swift */; };
/* End PBXBuildFile section */

/* Begin PBXContainerItemProxy section */
		683914322712A4280066DEE9 /* PBXContainerItemProxy */ = {
			isa = PBXContainerItemProxy;
			containerPortal = 683914132712A4270066DEE9 /* Project object */;
			proxyType = 1;
			remoteGlobalIDString = 6839141A2712A4270066DEE9;
			remoteInfo = shopperApp;
		};
		6839143D2712A4280066DEE9 /* PBXContainerItemProxy */ = {
			isa = PBXContainerItemProxy;
			containerPortal = 683914132712A4270066DEE9 /* Project object */;
			proxyType = 1;
			remoteGlobalIDString = 6839141A2712A4270066DEE9;
			remoteInfo = shopperApp;
		};
/* End PBXContainerItemProxy section */

/* Begin PBXFileReference section */
		6839141B2712A4270066DEE9 /* shopperApp.app */ = {isa = PBXFileReference; explicitFileType = wrapper.application; includeInIndex = 0; path = shopperApp.app; sourceTree = BUILT_PRODUCTS_DIR; };
		6839141E2712A4270066DEE9 /* AppDelegate.swift */ = {isa = PBXFileReference; lastKnownFileType = sourcecode.swift; path = AppDelegate.swift; sourceTree = "<group>"; };
		683914202712A4270066DEE9 /* SceneDelegate.swift */ = {isa = PBXFileReference; lastKnownFileType = sourcecode.swift; path = SceneDelegate.swift; sourceTree = "<group>"; };
		683914222712A4270066DEE9 /* MainVC.swift */ = {isa = PBXFileReference; lastKnownFileType = sourcecode.swift; path = MainVC.swift; sourceTree = "<group>"; };
		683914252712A4270066DEE9 /* Base */ = {isa = PBXFileReference; lastKnownFileType = file.storyboard; name = Base; path = Base.lproj/Main.storyboard; sourceTree = "<group>"; };
		683914272712A4280066DEE9 /* Assets.xcassets */ = {isa = PBXFileReference; lastKnownFileType = folder.assetcatalog; path = Assets.xcassets; sourceTree = "<group>"; };
		6839142A2712A4280066DEE9 /* Base */ = {isa = PBXFileReference; lastKnownFileType = file.storyboard; name = Base; path = Base.lproj/LaunchScreen.storyboard; sourceTree = "<group>"; };
		6839142C2712A4280066DEE9 /* Info.plist */ = {isa = PBXFileReference; lastKnownFileType = text.plist.xml; path = Info.plist; sourceTree = "<group>"; };
		683914312712A4280066DEE9 /* shopperAppTests.xctest */ = {isa = PBXFileReference; explicitFileType = wrapper.cfbundle; includeInIndex = 0; path = shopperAppTests.xctest; sourceTree = BUILT_PRODUCTS_DIR; };
		683914352712A4280066DEE9 /* shopperAppTests.swift */ = {isa = PBXFileReference; lastKnownFileType = sourcecode.swift; path = shopperAppTests.swift; sourceTree = "<group>"; };
		683914372712A4280066DEE9 /* Info.plist */ = {isa = PBXFileReference; lastKnownFileType = text.plist.xml; path = Info.plist; sourceTree = "<group>"; };
		6839143C2712A4280066DEE9 /* shopperAppUITests.xctest */ = {isa = PBXFileReference; explicitFileType = wrapper.cfbundle; includeInIndex = 0; path = shopperAppUITests.xctest; sourceTree = BUILT_PRODUCTS_DIR; };
		683914402712A4280066DEE9 /* shopperAppUITests.swift */ = {isa = PBXFileReference; lastKnownFileType = sourcecode.swift; path = shopperAppUITests.swift; sourceTree = "<group>"; };
		683914422712A4280066DEE9 /* Info.plist */ = {isa = PBXFileReference; lastKnownFileType = text.plist.xml; path = Info.plist; sourceTree = "<group>"; };
		68391456271478D60066DEE9 /* CurrencyTextField.swift */ = {isa = PBXFileReference; lastKnownFileType = sourcecode.swift; path = CurrencyTextField.swift; sourceTree = "<group>"; };
/* End PBXFileReference section */

/* Begin PBXFrameworksBuildPhase section */
		683914182712A4270066DEE9 /* Frameworks */ = {
			isa = PBXFrameworksBuildPhase;
			buildActionMask = 2147483647;
			files = (
			);
			runOnlyForDeploymentPostprocessing = 0;
		};
		6839142E2712A4280066DEE9 /* Frameworks */ = {
			isa = PBXFrameworksBuildPhase;
			buildActionMask = 2147483647;
			files = (
			);
			runOnlyForDeploymentPostprocessing = 0;
		};
		683914392712A4280066DEE9 /* Frameworks */ = {
			isa = PBXFrameworksBuildPhase;
			buildActionMask = 2147483647;
			files = (
			);
			runOnlyForDeploymentPostprocessing = 0;
		};
/* End PBXFrameworksBuildPhase section */

/* Begin PBXGroup section */
		683914122712A4270066DEE9 = {
			isa = PBXGroup;
			children = (
				6839141D2712A4270066DEE9 /* shopperApp */,
				683914342712A4280066DEE9 /* shopperAppTests */,
				6839143F2712A4280066DEE9 /* shopperAppUITests */,
				6839141C2712A4270066DEE9 /* Products */,
			);
			sourceTree = "<group>";
		};
		6839141C2712A4270066DEE9 /* Products */ = {
			isa = PBXGroup;
			children = (
				6839141B2712A4270066DEE9 /* shopperApp.app */,
				683914312712A4280066DEE9 /* shopperAppTests.xctest */,
				6839143C2712A4280066DEE9 /* shopperAppUITests.xctest */,
			);
			name = Products;
			sourceTree = "<group>";
		};
		6839141D2712A4270066DEE9 /* shopperApp */ = {
			isa = PBXGroup;
			children = (
				68391455271478970066DEE9 /* views */,
				68391451271477240066DEE9 /* Controller */,
				6839141E2712A4270066DEE9 /* AppDelegate.swift */,
				683914202712A4270066DEE9 /* SceneDelegate.swift */,
				683914242712A4270066DEE9 /* Main.storyboard */,
				683914272712A4280066DEE9 /* Assets.xcassets */,
				683914292712A4280066DEE9 /* LaunchScreen.storyboard */,
				6839142C2712A4280066DEE9 /* Info.plist */,
			);
			path = shopperApp;
			sourceTree = "<group>";
		};
		683914342712A4280066DEE9 /* shopperAppTests */ = {
			isa = PBXGroup;
			children = (
				683914352712A4280066DEE9 /* shopperAppTests.swift */,
				683914372712A4280066DEE9 /* Info.plist */,
			);
			path = shopperAppTests;
			sourceTree = "<group>";
		};
		6839143F2712A4280066DEE9 /* shopperAppUITests */ = {
			isa = PBXGroup;
			children = (
				683914402712A4280066DEE9 /* shopperAppUITests.swift */,
				683914422712A4280066DEE9 /* Info.plist */,
			);
			path = shopperAppUITests;
			sourceTree = "<group>";
		};
		68391451271477240066DEE9 /* Controller */ = {
			isa = PBXGroup;
			children = (
				683914222712A4270066DEE9 /* MainVC.swift */,
			);
			path = Controller;
			sourceTree = "<group>";
		};
		68391455271478970066DEE9 /* views */ = {
			isa = PBXGroup;
			children = (
				68391456271478D60066DEE9 /* CurrencyTextField.swift */,
			);
			path = views;
			sourceTree = "<group>";
		};
/* End PBXGroup section */

/* Begin PBXNativeTarget section */
		6839141A2712A4270066DEE9 /* shopperApp */ = {
			isa = PBXNativeTarget;
			buildConfigurationList = 683914452712A4280066DEE9 /* Build configuration list for PBXNativeTarget "shopperApp" */;
			buildPhases = (
				683914172712A4270066DEE9 /* Sources */,
				683914182712A4270066DEE9 /* Frameworks */,
				683914192712A4270066DEE9 /* Resources */,
			);
			buildRules = (
			);
			dependencies = (
			);
			name = shopperApp;
			productName = shopperApp;
			productReference = 6839141B2712A4270066DEE9 /* shopperApp.app */;
			productType = "com.apple.product-type.application";
		};
		683914302712A4280066DEE9 /* shopperAppTests */ = {
			isa = PBXNativeTarget;
			buildConfigurationList = 683914482712A4280066DEE9 /* Build configuration list for PBXNativeTarget "shopperAppTests" */;
			buildPhases = (
				6839142D2712A4280066DEE9 /* Sources */,
				6839142E2712A4280066DEE9 /* Frameworks */,
				6839142F2712A4280066DEE9 /* Resources */,
			);
			buildRules = (
			);
			dependencies = (
				683914332712A4280066DEE9 /* PBXTargetDependency */,
			);
			name = shopperAppTests;
			productName = shopperAppTests;
			productReference = 683914312712A4280066DEE9 /* shopperAppTests.xctest */;
			productType = "com.apple.product-type.bundle.unit-test";
		};
		6839143B2712A4280066DEE9 /* shopperAppUITests */ = {
			isa = PBXNativeTarget;
			buildConfigurationList = 6839144B2712A4280066DEE9 /* Build configuration list for PBXNativeTarget "shopperAppUITests" */;
			buildPhases = (
				683914382712A4280066DEE9 /* Sources */,
				683914392712A4280066DEE9 /* Frameworks */,
				6839143A2712A4280066DEE9 /* Resources */,
			);
			buildRules = (
			);
			dependencies = (
				6839143E2712A4280066DEE9 /* PBXTargetDependency */,
			);
			name = shopperAppUITests;
			productName = shopperAppUITests;
			productReference = 6839143C2712A4280066DEE9 /* shopperAppUITests.xctest */;
			productType = "com.apple.product-type.bundle.ui-testing";
		};
/* End PBXNativeTarget section */

/* Begin PBXProject section */
		683914132712A4270066DEE9 /* Project object */ = {
			isa = PBXProject;
			attributes = {
				LastSwiftUpdateCheck = 1240;
				LastUpgradeCheck = 1240;
				TargetAttributes = {
					6839141A2712A4270066DEE9 = {
						CreatedOnToolsVersion = 12.4;
					};
					683914302712A4280066DEE9 = {
						CreatedOnToolsVersion = 12.4;
						TestTargetID = 6839141A2712A4270066DEE9;
					};
					6839143B2712A4280066DEE9 = {
						CreatedOnToolsVersion = 12.4;
						TestTargetID = 6839141A2712A4270066DEE9;
					};
				};
			};
			buildConfigurationList = 683914162712A4270066DEE9 /* Build configuration list for PBXProject "shopperApp" */;
			compatibilityVersion = "Xcode 9.3";
			developmentRegion = en;
			hasScannedForEncodings = 0;
			knownRegions = (
				en,
				Base,
			);
			mainGroup = 683914122712A4270066DEE9;
			productRefGroup = 6839141C2712A4270066DEE9 /* Products */;
			projectDirPath = "";
			projectRoot = "";
			targets = (
				6839141A2712A4270066DEE9 /* shopperApp */,
				683914302712A4280066DEE9 /* shopperAppTests */,
				6839143B2712A4280066DEE9 /* shopperAppUITests */,
			);
		};
/* End PBXProject section */

/* Begin PBXResourcesBuildPhase section */
		683914192712A4270066DEE9 /* Resources */ = {
			isa = PBXResourcesBuildPhase;
			buildActionMask = 2147483647;
			files = (
				6839142B2712A4280066DEE9 /* LaunchScreen.storyboard in Resources */,
				683914282712A4280066DEE9 /* Assets.xcassets in Resources */,
				683914262712A4270066DEE9 /* Main.storyboard in Resources */,
			);
			runOnlyForDeploymentPostprocessing = 0;
		};
		6839142F2712A4280066DEE9 /* Resources */ = {
			isa = PBXResourcesBuildPhase;
			buildActionMask = 2147483647;
			files = (
			);
			runOnlyForDeploymentPostprocessing = 0;
		};
		6839143A2712A4280066DEE9 /* Resources */ = {
			isa = PBXResourcesBuildPhase;
			buildActionMask = 2147483647;
			files = (
			);
			runOnlyForDeploymentPostprocessing = 0;
		};
/* End PBXResourcesBuildPhase section */

/* Begin PBXSourcesBuildPhase section */
		683914172712A4270066DEE9 /* Sources */ = {
			isa = PBXSourcesBuildPhase;
			buildActionMask = 2147483647;
			files = (
				683914232712A4270066DEE9 /* MainVC.swift in Sources */,
				6839141F2712A4270066DEE9 /* AppDelegate.swift in Sources */,
				68391457271478D60066DEE9 /* CurrencyTextField.swift in Sources */,
				683914212712A4270066DEE9 /* SceneDelegate.swift in Sources */,
			);
			runOnlyForDeploymentPostprocessing = 0;
		};
		6839142D2712A4280066DEE9 /* Sources */ = {
			isa = PBXSourcesBuildPhase;
			buildActionMask = 2147483647;
			files = (
				683914362712A4280066DEE9 /* shopperAppTests.swift in Sources */,
			);
			runOnlyForDeploymentPostprocessing = 0;
		};
		683914382712A4280066DEE9 /* Sources */ = {
			isa = PBXSourcesBuildPhase;
			buildActionMask = 2147483647;
			files = (
				683914412712A4280066DEE9 /* shopperAppUITests.swift in Sources */,
			);
			runOnlyForDeploymentPostprocessing = 0;
		};
/* End PBXSourcesBuildPhase section */

/* Begin PBXTargetDependency section */
		683914332712A4280066DEE9 /* PBXTargetDependency */ = {
			isa = PBXTargetDependency;
			target = 6839141A2712A4270066DEE9 /* shopperApp */;
			targetProxy = 683914322712A4280066DEE9 /* PBXContainerItemProxy */;
		};
		6839143E2712A4280066DEE9 /* PBXTargetDependency */ = {
			isa = PBXTargetDependency;
			target = 6839141A2712A4270066DEE9 /* shopperApp */;
			targetProxy = 6839143D2712A4280066DEE9 /* PBXContainerItemProxy */;
		};
/* End PBXTargetDependency section */

/* Begin PBXVariantGroup section */
		683914242712A4270066DEE9 /* Main.storyboard */ = {
			isa = PBXVariantGroup;
			children = (
				683914252712A4270066DEE9 /* Base */,
			);
			name = Main.storyboard;
			sourceTree = "<group>";
		};
		683914292712A4280066DEE9 /* LaunchScreen.storyboard */ = {
			isa = PBXVariantGroup;
			children = (
				6839142A2712A4280066DEE9 /* Base */,
			);
			name = LaunchScreen.storyboard;
			sourceTree = "<group>";
		};
/* End PBXVariantGroup section */

/* Begin XCBuildConfiguration section */
		683914432712A4280066DEE9 /* Debug */ = {
			isa = XCBuildConfiguration;
			buildSettings = {
				ALWAYS_SEARCH_USER_PATHS = NO;
				CLANG_ANALYZER_NONNULL = YES;
				CLANG_ANALYZER_NUMBER_OBJECT_CONVERSION = YES_AGGRESSIVE;
				CLANG_CXX_LANGUAGE_STANDARD = "gnu++14";
				CLANG_CXX_LIBRARY = "libc++";
				CLANG_ENABLE_MODULES = YES;
				CLANG_ENABLE_OBJC_ARC = YES;
				CLANG_ENABLE_OBJC_WEAK = YES;
				CLANG_WARN_BLOCK_CAPTURE_AUTORELEASING = YES;
				CLANG_WARN_BOOL_CONVERSION = YES;
				CLANG_WARN_COMMA = YES;
				CLANG_WARN_CONSTANT_CONVERSION = YES;
				CLANG_WARN_DEPRECATED_OBJC_IMPLEMENTATIONS = YES;
				CLANG_WARN_DIRECT_OBJC_ISA_USAGE = YES_ERROR;
				CLANG_WARN_DOCUMENTATION_COMMENTS = YES;
				CLANG_WARN_EMPTY_BODY = YES;
				CLANG_WARN_ENUM_CONVERSION = YES;
				CLANG_WARN_INFINITE_RECURSION = YES;
				CLANG_WARN_INT_CONVERSION = YES;
				CLANG_WARN_NON_LITERAL_NULL_CONVERSION = YES;
				CLANG_WARN_OBJC_IMPLICIT_RETAIN_SELF = YES;
				CLANG_WARN_OBJC_LITERAL_CONVERSION = YES;
				CLANG_WARN_OBJC_ROOT_CLASS = YES_ERROR;
				CLANG_WARN_QUOTED_INCLUDE_IN_FRAMEWORK_HEADER = YES;
				CLANG_WARN_RANGE_LOOP_ANALYSIS = YES;
				CLANG_WARN_STRICT_PROTOTYPES = YES;
				CLANG_WARN_SUSPICIOUS_MOVE = YES;
				CLANG_WARN_UNGUARDED_AVAILABILITY = YES_AGGRESSIVE;
				CLANG_WARN_UNREACHABLE_CODE = YES;
				CLANG_WARN__DUPLICATE_METHOD_MATCH = YES;
				COPY_PHASE_STRIP = NO;
				DEBUG_INFORMATION_FORMAT = dwarf;
				ENABLE_STRICT_OBJC_MSGSEND = YES;
				ENABLE_TESTABILITY = YES;
				GCC_C_LANGUAGE_STANDARD = gnu11;
				GCC_DYNAMIC_NO_PIC = NO;
				GCC_NO_COMMON_BLOCKS = YES;
				GCC_OPTIMIZATION_LEVEL = 0;
				GCC_PREPROCESSOR_DEFINITIONS = (
					"DEBUG=1",
					"$(inherited)",
				);
				GCC_WARN_64_TO_32_BIT_CONVERSION = YES;
				GCC_WARN_ABOUT_RETURN_TYPE = YES_ERROR;
				GCC_WARN_UNDECLARED_SELECTOR = YES;
				GCC_WARN_UNINITIALIZED_AUTOS = YES_AGGRESSIVE;
				GCC_WARN_UNUSED_FUNCTION = YES;
				GCC_WARN_UNUSED_VARIABLE = YES;
				IPHONEOS_DEPLOYMENT_TARGET = 14.4;
				MTL_ENABLE_DEBUG_INFO = INCLUDE_SOURCE;
				MTL_FAST_MATH = YES;
				ONLY_ACTIVE_ARCH = YES;
				SDKROOT = iphoneos;
				SWIFT_ACTIVE_COMPILATION_CONDITIONS = DEBUG;
				SWIFT_OPTIMIZATION_LEVEL = "-Onone";
			};
			name = Debug;
		};
		683914442712A4280066DEE9 /* Release */ = {
			isa = XCBuildConfiguration;
			buildSettings = {
				ALWAYS_SEARCH_USER_PATHS = NO;
				CLANG_ANALYZER_NONNULL = YES;
				CLANG_ANALYZER_NUMBER_OBJECT_CONVERSION = YES_AGGRESSIVE;
				CLANG_CXX_LANGUAGE_STANDARD = "gnu++14";
				CLANG_CXX_LIBRARY = "libc++";
				CLANG_ENABLE_MODULES = YES;
				CLANG_ENABLE_OBJC_ARC = YES;
				CLANG_ENABLE_OBJC_WEAK = YES;
				CLANG_WARN_BLOCK_CAPTURE_AUTORELEASING = YES;
				CLANG_WARN_BOOL_CONVERSION = YES;
				CLANG_WARN_COMMA = YES;
				CLANG_WARN_CONSTANT_CONVERSION = YES;
				CLANG_WARN_DEPRECATED_OBJC_IMPLEMENTATIONS = YES;
				CLANG_WARN_DIRECT_OBJC_ISA_USAGE = YES_ERROR;
				CLANG_WARN_DOCUMENTATION_COMMENTS = YES;
				CLANG_WARN_EMPTY_BODY = YES;
				CLANG_WARN_ENUM_CONVERSION = YES;
				CLANG_WARN_INFINITE_RECURSION = YES;
				CLANG_WARN_INT_CONVERSION = YES;
				CLANG_WARN_NON_LITERAL_NULL_CONVERSION = YES;
				CLANG_WARN_OBJC_IMPLICIT_RETAIN_SELF = YES;
				CLANG_WARN_OBJC_LITERAL_CONVERSION = YES;
				CLANG_WARN_OBJC_ROOT_CLASS = YES_ERROR;
				CLANG_WARN_QUOTED_INCLUDE_IN_FRAMEWORK_HEADER = YES;
				CLANG_WARN_RANGE_LOOP_ANALYSIS = YES;
				CLANG_WARN_STRICT_PROTOTYPES = YES;
				CLANG_WARN_SUSPICIOUS_MOVE = YES;
				CLANG_WARN_UNGUARDED_AVAILABILITY = YES_AGGRESSIVE;
				CLANG_WARN_UNREACHABLE_CODE = YES;
				CLANG_WARN__DUPLICATE_METHOD_MATCH = YES;
				COPY_PHASE_STRIP = NO;
				DEBUG_INFORMATION_FORMAT = "dwarf-with-dsym";
				ENABLE_NS_ASSERTIONS = NO;
				ENABLE_STRICT_OBJC_MSGSEND = YES;
				GCC_C_LANGUAGE_STANDARD = gnu11;
				GCC_NO_COMMON_BLOCKS = YES;
				GCC_WARN_64_TO_32_BIT_CONVERSION = YES;
				GCC_WARN_ABOUT_RETURN_TYPE = YES_ERROR;
				GCC_WARN_UNDECLARED_SELECTOR = YES;
				GCC_WARN_UNINITIALIZED_AUTOS = YES_AGGRESSIVE;
				GCC_WARN_UNUSED_FUNCTION = YES;
				GCC_WARN_UNUSED_VARIABLE = YES;
				IPHONEOS_DEPLOYMENT_TARGET = 14.4;
				MTL_ENABLE_DEBUG_INFO = NO;
				MTL_FAST_MATH = YES;
				SDKROOT = iphoneos;
				SWIFT_COMPILATION_MODE = wholemodule;
				SWIFT_OPTIMIZATION_LEVEL = "-O";
				VALIDATE_PRODUCT = YES;
			};
			name = Release;
		};
		683914462712A4280066DEE9 /* Debug */ = {
			isa = XCBuildConfiguration;
			buildSettings = {
				ASSETCATALOG_COMPILER_APPICON_NAME = AppIcon;
				ASSETCATALOG_COMPILER_GLOBAL_ACCENT_COLOR_NAME = AccentColor;
				CODE_SIGN_STYLE = Automatic;
				INFOPLIST_FILE = shopperApp/Info.plist;
				LD_RUNPATH_SEARCH_PATHS = (
					"$(inherited)",
					"@executable_path/Frameworks",
				);
				PRODUCT_BUNDLE_IDENTIFIER = com.devs.shopperApp;
				PRODUCT_NAME = "$(TARGET_NAME)";
				SWIFT_VERSION = 5.0;
				TARGETED_DEVICE_FAMILY = "1,2";
			};
			name = Debug;
		};
		683914472712A4280066DEE9 /* Release */ = {
			isa = XCBuildConfiguration;
			buildSettings = {
				ASSETCATALOG_COMPILER_APPICON_NAME = AppIcon;
				ASSETCATALOG_COMPILER_GLOBAL_ACCENT_COLOR_NAME = AccentColor;
				CODE_SIGN_STYLE = Automatic;
				INFOPLIST_FILE = shopperApp/Info.plist;
				LD_RUNPATH_SEARCH_PATHS = (
					"$(inherited)",
					"@executable_path/Frameworks",
				);
				PRODUCT_BUNDLE_IDENTIFIER = com.devs.shopperApp;
				PRODUCT_NAME = "$(TARGET_NAME)";
				SWIFT_VERSION = 5.0;
				TARGETED_DEVICE_FAMILY = "1,2";
			};
			name = Release;
		};
		683914492712A4280066DEE9 /* Debug */ = {
			isa = XCBuildConfiguration;
			buildSettings = {
				ALWAYS_EMBED_SWIFT_STANDARD_LIBRARIES = YES;
				BUNDLE_LOADER = "$(TEST_HOST)";
				CODE_SIGN_STYLE = Automatic;
				INFOPLIST_FILE = shopperAppTests/Info.plist;
				IPHONEOS_DEPLOYMENT_TARGET = 14.4;
				LD_RUNPATH_SEARCH_PATHS = (
					"$(inherited)",
					"@executable_path/Frameworks",
					"@loader_path/Frameworks",
				);
				PRODUCT_BUNDLE_IDENTIFIER = com.devs.shopperAppTests;
				PRODUCT_NAME = "$(TARGET_NAME)";
				SWIFT_VERSION = 5.0;
				TARGETED_DEVICE_FAMILY = "1,2";
				TEST_HOST = "$(BUILT_PRODUCTS_DIR)/shopperApp.app/shopperApp";
			};
			name = Debug;
		};
		6839144A2712A4280066DEE9 /* Release */ = {
			isa = XCBuildConfiguration;
			buildSettings = {
				ALWAYS_EMBED_SWIFT_STANDARD_LIBRARIES = YES;
				BUNDLE_LOADER = "$(TEST_HOST)";
				CODE_SIGN_STYLE = Automatic;
				INFOPLIST_FILE = shopperAppTests/Info.plist;
				IPHONEOS_DEPLOYMENT_TARGET = 14.4;
				LD_RUNPATH_SEARCH_PATHS = (
					"$(inherited)",
					"@executable_path/Frameworks",
					"@loader_path/Frameworks",
				);
				PRODUCT_BUNDLE_IDENTIFIER = com.devs.shopperAppTests;
				PRODUCT_NAME = "$(TARGET_NAME)";
				SWIFT_VERSION = 5.0;
				TARGETED_DEVICE_FAMILY = "1,2";
				TEST_HOST = "$(BUILT_PRODUCTS_DIR)/shopperApp.app/shopperApp";
			};
			name = Release;
		};
		6839144C2712A4280066DEE9 /* Debug */ = {
			isa = XCBuildConfiguration;
			buildSettings = {
				ALWAYS_EMBED_SWIFT_STANDARD_LIBRARIES = YES;
				CODE_SIGN_STYLE = Automatic;
				INFOPLIST_FILE = shopperAppUITests/Info.plist;
				LD_RUNPATH_SEARCH_PATHS = (
					"$(inherited)",
					"@executable_path/Frameworks",
					"@loader_path/Frameworks",
				);
				PRODUCT_BUNDLE_IDENTIFIER = com.devs.shopperAppUITests;
				PRODUCT_NAME = "$(TARGET_NAME)";
				SWIFT_VERSION = 5.0;
				TARGETED_DEVICE_FAMILY = "1,2";
				TEST_TARGET_NAME = shopperApp;
			};
			name = Debug;
		};
		6839144D2712A4280066DEE9 /* Release */ = {
			isa = XCBuildConfiguration;
			buildSettings = {
				ALWAYS_EMBED_SWIFT_STANDARD_LIBRARIES = YES;
				CODE_SIGN_STYLE = Automatic;
				INFOPLIST_FILE = shopperAppUITests/Info.plist;
				LD_RUNPATH_SEARCH_PATHS = (
					"$(inherited)",
					"@executable_path/Frameworks",
					"@loader_path/Frameworks",
				);
				PRODUCT_BUNDLE_IDENTIFIER = com.devs.shopperAppUITests;
				PRODUCT_NAME = "$(TARGET_NAME)";
				SWIFT_VERSION = 5.0;
				TARGETED_DEVICE_FAMILY = "1,2";
				TEST_TARGET_NAME = shopperApp;
			};
			name = Release;
		};
/* End XCBuildConfiguration section */

/* Begin XCConfigurationList section */
		683914162712A4270066DEE9 /* Build configuration list for PBXProject "shopperApp" */ = {
			isa = XCConfigurationList;
			buildConfigurations = (
				683914432712A4280066DEE9 /* Debug */,
				683914442712A4280066DEE9 /* Release */,
			);
			defaultConfigurationIsVisible = 0;
			defaultConfigurationName = Release;
		};
		683914452712A4280066DEE9 /* Build configuration list for PBXNativeTarget "shopperApp" */ = {
			isa = XCConfigurationList;
			buildConfigurations = (
				683914462712A4280066DEE9 /* Debug */,
				683914472712A4280066DEE9 /* Release */,
			);
			defaultConfigurationIsVisible = 0;
			defaultConfigurationName = Release;
		};
		683914482712A4280066DEE9 /* Build configuration list for PBXNativeTarget "shopperAppTests" */ = {
			isa = XCConfigurationList;
			buildConfigurations = (
				683914492712A4280066DEE9 /* Debug */,
				6839144A2712A4280066DEE9 /* Release */,
			);
			defaultConfigurationIsVisible = 0;
			defaultConfigurationName = Release;
		};
		6839144B2712A4280066DEE9 /* Build configuration list for PBXNativeTarget "shopperAppUITests" */ = {
			isa = XCConfigurationList;
			buildConfigurations = (
				6839144C2712A4280066DEE9 /* Debug */,
				6839144D2712A4280066DEE9 /* Release */,
			);
			defaultConfigurationIsVisible = 0;
			defaultConfigurationName = Release;
		};
/* End XCConfigurationList section */
	};
	rootObject = 683914132712A4270066DEE9 /* Project object */;
}
